// !$*UTF8*$!
{
	archiveVersion = 1;
	classes = {
	};
	objectVersion = 46;
	objects = {

/* Begin PBXBuildFile section */
		DAD75FAB1C71921E0095F494 /* main.m in Sources */ = {isa = PBXBuildFile; fileRef = DAD75FAA1C71921E0095F494 /* main.m */; };
		DAD75FAE1C71921E0095F494 /* AppDelegate.m in Sources */ = {isa = PBXBuildFile; fileRef = DAD75FAD1C71921E0095F494 /* AppDelegate.m */; };
		DAD75FB11C71921E0095F494 /* ViewController.m in Sources */ = {isa = PBXBuildFile; fileRef = DAD75FB01C71921E0095F494 /* ViewController.m */; };
		DAD75FB41C71921E0095F494 /* Main.storyboard in Resources */ = {isa = PBXBuildFile; fileRef = DAD75FB21C71921E0095F494 /* Main.storyboard */; };
		DAD75FB61C71921E0095F494 /* Assets.xcassets in Resources */ = {isa = PBXBuildFile; fileRef = DAD75FB51C71921E0095F494 /* Assets.xcassets */; };
		DAD75FB91C71921E0095F494 /* LaunchScreen.storyboard in Resources */ = {isa = PBXBuildFile; fileRef = DAD75FB71C71921E0095F494 /* LaunchScreen.storyboard */; };
		DAD75FC21C71922D0095F494 /* RedView.m in Sources */ = {isa = PBXBuildFile; fileRef = DAD75FC11C71922D0095F494 /* RedView.m */; };
		DAD75FC51C7192340095F494 /* GreenView.m in Sources */ = {isa = PBXBuildFile; fileRef = DAD75FC41C7192340095F494 /* GreenView.m */; };
		DAD75FC81C71923A0095F494 /* BlueView.m in Sources */ = {isa = PBXBuildFile; fileRef = DAD75FC71C71923A0095F494 /* BlueView.m */; };
/* End PBXBuildFile section */

/* Begin PBXFileReference section */
		DAD75FA61C71921E0095F494 /* ResponderChainDemo.app */ = {isa = PBXFileReference; explicitFileType = wrapper.application; includeInIndex = 0; path = ResponderChainDemo.app; sourceTree = BUILT_PRODUCTS_DIR; };
		DAD75FAA1C71921E0095F494 /* main.m */ = {isa = PBXFileReference; lastKnownFileType = sourcecode.c.objc; path = main.m; sourceTree = "<group>"; };
		DAD75FAC1C71921E0095F494 /* AppDelegate.h */ = {isa = PBXFileReference; lastKnownFileType = sourcecode.c.h; path = AppDelegate.h; sourceTree = "<group>"; };
		DAD75FAD1C71921E0095F494 /* AppDelegate.m */ = {isa = PBXFileReference; lastKnownFileType = sourcecode.c.objc; path = AppDelegate.m; sourceTree = "<group>"; };
		DAD75FAF1C71921E0095F494 /* ViewController.h */ = {isa = PBXFileReference; lastKnownFileType = sourcecode.c.h; path = ViewController.h; sourceTree = "<group>"; };
		DAD75FB01C71921E0095F494 /* ViewController.m */ = {isa = PBXFileReference; lastKnownFileType = sourcecode.c.objc; path = ViewController.m; sourceTree = "<group>"; };
		DAD75FB31C71921E0095F494 /* Base */ = {isa = PBXFileReference; lastKnownFileType = file.storyboard; name = Base; path = Base.lproj/Main.storyboard; sourceTree = "<group>"; };
		DAD75FB51C71921E0095F494 /* Assets.xcassets */ = {isa = PBXFileReference; lastKnownFileType = folder.assetcatalog; path = Assets.xcassets; sourceTree = "<group>"; };
		DAD75FB81C71921E0095F494 /* Base */ = {isa = PBXFileReference; lastKnownFileType = file.storyboard; name = Base; path = Base.lproj/LaunchScreen.storyboard; sourceTree = "<group>"; };
		DAD75FBA1C71921E0095F494 /* Info.plist */ = {isa = PBXFileReference; lastKnownFileType = text.plist.xml; path = Info.plist; sourceTree = "<group>"; };
		DAD75FC01C71922D0095F494 /* RedView.h */ = {isa = PBXFileReference; fileEncoding = 4; lastKnownFileType = sourcecode.c.h; path = RedView.h; sourceTree = "<group>"; };
		DAD75FC11C71922D0095F494 /* RedView.m */ = {isa = PBXFileReference; fileEncoding = 4; lastKnownFileType = sourcecode.c.objc; path = RedView.m; sourceTree = "<group>"; };
		DAD75FC31C7192340095F494 /* GreenView.h */ = {isa = PBXFileReference; fileEncoding = 4; lastKnownFileType = sourcecode.c.h; path = GreenView.h; sourceTree = "<group>"; };
		DAD75FC41C7192340095F494 /* GreenView.m */ = {isa = PBXFileReference; fileEncoding = 4; lastKnownFileType = sourcecode.c.objc; path = GreenView.m; sourceTree = "<group>"; };
		DAD75FC61C71923A0095F494 /* BlueView.h */ = {isa = PBXFileReference; fileEncoding = 4; lastKnownFileType = sourcecode.c.h; path = BlueView.h; sourceTree = "<group>"; };
		DAD75FC71C71923A0095F494 /* BlueView.m */ = {isa = PBXFileReference; fileEncoding = 4; lastKnownFileType = sourcecode.c.objc; path = BlueView.m; sourceTree = "<group>"; };
/* End PBXFileReference section */

/* Begin PBXFrameworksBuildPhase section */
		DAD75FA31C71921E0095F494 /* Frameworks */ = {
			isa = PBXFrameworksBuildPhase;
			buildActionMask = 2147483647;
			files = (
			);
			runOnlyForDeploymentPostprocessing = 0;
		};
/* End PBXFrameworksBuildPhase section */

/* Begin PBXGroup section */
		DAD75F9D1C71921E0095F494 = {
			isa = PBXGroup;
			children = (
				DAD75FA81C71921E0095F494 /* ResponderChainDemo */,
				DAD75FA71C71921E0095F494 /* Products */,
			);
			sourceTree = "<group>";
		};
		DAD75FA71C71921E0095F494 /* Products */ = {
			isa = PBXGroup;
			children = (
				DAD75FA61C71921E0095F494 /* ResponderChainDemo.app */,
			);
			name = Products;
			sourceTree = "<group>";
		};
		DAD75FA81C71921E0095F494 /* ResponderChainDemo */ = {
			isa = PBXGroup;
			children = (
				DAD75FAC1C71921E0095F494 /* AppDelegate.h */,
				DAD75FAD1C71921E0095F494 /* AppDelegate.m */,
				DAD75FAF1C71921E0095F494 /* ViewController.h */,
				DAD75FB01C71921E0095F494 /* ViewController.m */,
				DAD75FB21C71921E0095F494 /* Main.storyboard */,
				DAD75FC01C71922D0095F494 /* RedView.h */,
				DAD75FC11C71922D0095F494 /* RedView.m */,
				DAD75FC31C7192340095F494 /* GreenView.h */,
				DAD75FC41C7192340095F494 /* GreenView.m */,
				DAD75FC61C71923A0095F494 /* BlueView.h */,
				DAD75FC71C71923A0095F494 /* BlueView.m */,
				DAD75FB51C71921E0095F494 /* Assets.xcassets */,
				DAD75FB71C71921E0095F494 /* LaunchScreen.storyboard */,
				DAD75FBA1C71921E0095F494 /* Info.plist */,
				DAD75FA91C71921E0095F494 /* Supporting Files */,
			);
			path = ResponderChainDemo;
			sourceTree = "<group>";
		};
		DAD75FA91C71921E0095F494 /* Supporting Files */ = {
			isa = PBXGroup;
			children = (
				DAD75FAA1C71921E0095F494 /* main.m */,
			);
			name = "Supporting Files";
			sourceTree = "<group>";
		};
/* End PBXGroup section */

/* Begin PBXNativeTarget section */
		DAD75FA51C71921E0095F494 /* ResponderChainDemo */ = {
			isa = PBXNativeTarget;
			buildConfigurationList = DAD75FBD1C71921E0095F494 /* Build configuration list for PBXNativeTarget "ResponderChainDemo" */;
			buildPhases = (
				DAD75FA21C71921E0095F494 /* Sources */,
				DAD75FA31C71921E0095F494 /* Frameworks */,
				DAD75FA41C71921E0095F494 /* Resources */,
			);
			buildRules = (
			);
			dependencies = (
			);
			name = ResponderChainDemo;
			productName = ResponderChainDemo;
			productReference = DAD75FA61C71921E0095F494 /* ResponderChainDemo.app */;
			productType = "com.apple.product-type.application";
		};
/* End PBXNativeTarget section */

/* Begin PBXProject section */
		DAD75F9E1C71921E0095F494 /* Project object */ = {
			isa = PBXProject;
			attributes = {
				LastUpgradeCheck = 0720;
				ORGANIZATIONNAME = LiuWeiZhen;
				TargetAttributes = {
					DAD75FA51C71921E0095F494 = {
						CreatedOnToolsVersion = 7.2;
					};
				};
			};
			buildConfigurationList = DAD75FA11C71921E0095F494 /* Build configuration list for PBXProject "ResponderChainDemo" */;
			compatibilityVersion = "Xcode 3.2";
			developmentRegion = English;
			hasScannedForEncodings = 0;
			knownRegions = (
				en,
				Base,
			);
			mainGroup = DAD75F9D1C71921E0095F494;
			productRefGroup = DAD75FA71C71921E0095F494 /* Products */;
			projectDirPath = "";
			projectRoot = "";
			targets = (
				DAD75FA51C71921E0095F494 /* ResponderChainDemo */,
			);
		};
/* End PBXProject section */

/* Begin PBXResourcesBuildPhase section */
		DAD75FA41C71921E0095F494 /* Resources */ = {
			isa = PBXResourcesBuildPhase;
			buildActionMask = 2147483647;
			files = (
				DAD75FB91C71921E0095F494 /* LaunchScreen.storyboard in Resources */,
				DAD75FB61C71921E0095F494 /* Assets.xcassets in Resources */,
				DAD75FB41C71921E0095F494 /* Main.storyboard in Resources */,
			);
			runOnlyForDeploymentPostprocessing = 0;
		};
/* End PBXResourcesBuildPhase section */

/* Begin PBXSourcesBuildPhase section */
		DAD75FA21C71921E0095F494 /* Sources */ = {
			isa = PBXSourcesBuildPhase;
			buildActionMask = 2147483647;
			files = (
				DAD75FB11C71921E0095F494 /* ViewController.m in Sources */,
				DAD75FAE1C71921E0095F494 /* AppDelegate.m in Sources */,
				DAD75FC81C71923A0095F494 /* BlueView.m in Sources */,
				DAD75FC51C7192340095F494 /* GreenView.m in Sources */,
				DAD75FC21C71922D0095F494 /* RedView.m in Sources */,
				DAD75FAB1C71921E0095F494 /* main.m in Sources */,
			);
			runOnlyForDeploymentPostprocessing = 0;
		};
/* End PBXSourcesBuildPhase section */

/* Begin PBXVariantGroup section */
		DAD75FB21C71921E0095F494 /* Main.storyboard */ = {
			isa = PBXVariantGroup;
			children = (
				DAD75FB31C71921E0095F494 /* Base */,
			);
			name = Main.storyboard;
			sourceTree = "<group>";
		};
		DAD75FB71C71921E0095F494 /* LaunchScreen.storyboard */ = {
			isa = PBXVariantGroup;
			children = (
				DAD75FB81C71921E0095F494 /* Base */,
			);
			name = LaunchScreen.storyboard;
			sourceTree = "<group>";
		};
/* End PBXVariantGroup section */

/* Begin XCBuildConfiguration section */
		DAD75FBB1C71921E0095F494 /* Debug */ = {
			isa = XCBuildConfiguration;
			buildSettings = {
				ALWAYS_SEARCH_USER_PATHS = NO;
				CLANG_CXX_LANGUAGE_STANDARD = "gnu++0x";
				CLANG_CXX_LIBRARY = "libc++";
				CLANG_ENABLE_MODULES = YES;
				CLANG_ENABLE_OBJC_ARC = YES;
				CLANG_WARN_BOOL_CONVERSION = YES;
				CLANG_WARN_CONSTANT_CONVERSION = YES;
				CLANG_WARN_DIRECT_OBJC_ISA_USAGE = YES_ERROR;
				CLANG_WARN_EMPTY_BODY = YES;
				CLANG_WARN_ENUM_CONVERSION = YES;
				CLANG_WARN_INT_CONVERSION = YES;
				CLANG_WARN_OBJC_ROOT_CLASS = YES_ERROR;
				CLANG_WARN_UNREACHABLE_CODE = YES;
				CLANG_WARN__DUPLICATE_METHOD_MATCH = YES;
				"CODE_SIGN_IDENTITY[sdk=iphoneos*]" = "iPhone Developer";
				COPY_PHASE_STRIP = NO;
				DEBUG_INFORMATION_FORMAT = dwarf;
				ENABLE_STRICT_OBJC_MSGSEND = YES;
				ENABLE_TESTABILITY = YES;
				GCC_C_LANGUAGE_STANDARD = gnu99;
				GCC_DYNAMIC_NO_PIC = NO;
				GCC_NO_COMMON_BLOCKS = YES;
				GCC_OPTIMIZATION_LEVEL = 0;
				GCC_PREPROCESSOR_DEFINITIONS = (
					"DEBUG=1",
					"$(inherited)",
				);
				GCC_WARN_64_TO_32_BIT_CONVERSION = YES;
				GCC_WARN_ABOUT_RETURN_TYPE = YES_ERROR;
				GCC_WARN_UNDECLARED_SELECTOR = YES;
				GCC_WARN_UNINITIALIZED_AUTOS = YES_AGGRESSIVE;
				GCC_WARN_UNUSED_FUNCTION = YES;
				GCC_WARN_UNUSED_VARIABLE = YES;
				IPHONEOS_DEPLOYMENT_TARGET = 9.2;
				MTL_ENABLE_DEBUG_INFO = YES;
				ONLY_ACTIVE_ARCH = YES;
				SDKROOT = iphoneos;
				TARGETED_DEVICE_FAMILY = "1,2";
			};
			name = Debug;
		};
		DAD75FBC1C71921E0095F494 /* Release */ = {
			isa = XCBuildConfiguration;
			buildSettings = {
				ALWAYS_SEARCH_USER_PATHS = NO;
				CLANG_CXX_LANGUAGE_STANDARD = "gnu++0x";
				CLANG_CXX_LIBRARY = "libc++";
				CLANG_ENABLE_MODULES = YES;
				CLANG_ENABLE_OBJC_ARC = YES;
				CLANG_WARN_BOOL_CONVERSION = YES;
				CLANG_WARN_CONSTANT_CONVERSION = YES;
				CLANG_WARN_DIRECT_OBJC_ISA_USAGE = YES_ERROR;
				CLANG_WARN_EMPTY_BODY = YES;
				CLANG_WARN_ENUM_CONVERSION = YES;
				CLANG_WARN_INT_CONVERSION = YES;
				CLANG_WARN_OBJC_ROOT_CLASS = YES_ERROR;
				CLANG_WARN_UNREACHABLE_CODE = YES;
				CLANG_WARN__DUPLICATE_METHOD_MATCH = YES;
				"CODE_SIGN_IDENTITY[sdk=iphoneos*]" = "iPhone Developer";
				COPY_PHASE_STRIP = NO;
				DEBUG_INFORMATION_FORMAT = "dwarf-with-dsym";
				ENABLE_NS_ASSERTIONS = NO;
				ENABLE_STRICT_OBJC_MSGSEND = YES;
				GCC_C_LANGUAGE_STANDARD = gnu99;
				GCC_NO_COMMON_BLOCKS = YES;
				GCC_WARN_64_TO_32_BIT_CONVERSION = YES;
				GCC_WARN_ABOUT_RETURN_TYPE = YES_ERROR;
				GCC_WARN_UNDECLARED_SELECTOR = YES;
				GCC_WARN_UNINITIALIZED_AUTOS = YES_AGGRESSIVE;
				GCC_WARN_UNUSED_FUNCTION = YES;
				GCC_WARN_UNUSED_VARIABLE = YES;
				IPHONEOS_DEPLOYMENT_TARGET = 9.2;
				MTL_ENABLE_DEBUG_INFO = NO;
				SDKROOT = iphoneos;
				TARGETED_DEVICE_FAMILY = "1,2";
				VALIDATE_PRODUCT = YES;
			};
			name = Release;
		};
		DAD75FBE1C71921E0095F494 /* Debug */ = {
			isa = XCBuildConfiguration;
			buildSettings = {
				ASSETCATALOG_COMPILER_APPICON_NAME = AppIcon;
				INFOPLIST_FILE = ResponderChainDemo/Info.plist;
				LD_RUNPATH_SEARCH_PATHS = "$(inherited) @executable_path/Frameworks";
				PRODUCT_BUNDLE_IDENTIFIER = com.weizhen.ResponderChainDemo;
				PRODUCT_NAME = "$(TARGET_NAME)";
			};
			name = Debug;
		};
		DAD75FBF1C71921E0095F494 /* Release */ = {
			isa = XCBuildConfiguration;
			buildSettings = {
				ASSETCATALOG_COMPILER_APPICON_NAME = AppIcon;
				INFOPLIST_FILE = ResponderChainDemo/Info.plist;
				LD_RUNPATH_SEARCH_PATHS = "$(inherited) @executable_path/Frameworks";
				PRODUCT_BUNDLE_IDENTIFIER = com.weizhen.ResponderChainDemo;
				PRODUCT_NAME = "$(TARGET_NAME)";
			};
			name = Release;
		};
/* End XCBuildConfiguration section */

/* Begin XCConfigurationList section */
		DAD75FA11C71921E0095F494 /* Build configuration list for PBXProject "ResponderChainDemo" */ = {
			isa = XCConfigurationList;
			buildConfigurations = (
				DAD75FBB1C71921E0095F494 /* Debug */,
				DAD75FBC1C71921E0095F494 /* Release */,
			);
			defaultConfigurationIsVisible = 0;
			defaultConfigurationName = Release;
		};
		DAD75FBD1C71921E0095F494 /* Build configuration list for PBXNativeTarget "ResponderChainDemo" */ = {
			isa = XCConfigurationList;
			buildConfigurations = (
				DAD75FBE1C71921E0095F494 /* Debug */,
				DAD75FBF1C71921E0095F494 /* Release */,
			);
			defaultConfigurationIsVisible = 0;
		};
/* End XCConfigurationList section */
	};
	rootObject = DAD75F9E1C71921E0095F494 /* Project object */;
}
